
Microsoft Visual Studio Solution File, Format Version 12.00
# Visual Studio 15
VisualStudioVersion = 15.0.28010.2050
MinimumVisualStudioVersion = 10.0.40219.1
Project("{888888A0-9F3D-457C-B088-3A5042F75D52}") = "TCC_Trainer", "TCC_Trainer\TCC_Trainer.pyproj", "{EDE44846-1920-42D8-A81D-735752D38CBA}"
EndProject
Global
	GlobalSection(SolutionConfigurationPlatforms) = preSolution
		Debug|Any CPU = Debug|Any CPU
		Release|Any CPU = Release|Any CPU
	EndGlobalSection
	GlobalSection(ProjectConfigurationPlatforms) = postSolution
		{EDE44846-1920-42D8-A81D-735752D38CBA}.Debug|Any CPU.ActiveCfg = Debug|Any CPU
		{EDE44846-1920-42D8-A81D-735752D38CBA}.Release|Any CPU.ActiveCfg = Release|Any CPU
	EndGlobalSection
	GlobalSection(SolutionProperties) = preSolution
		HideSolutionNode = FALSE
	EndGlobalSection
	GlobalSection(ExtensibilityGlobals) = postSolution
		SolutionGuid = {46FC2A5F-4DBE-4D2B-8418-86871222233A}
	EndGlobalSection
EndGlobal
